
Microsoft Visual Studio Solution File, Format Version 12.00
# Visual Studio Version 17
VisualStudioVersion = 17.0.32112.339
MinimumVisualStudioVersion = 10.0.40219.1
Project("{FAE04EC0-301F-11D3-BF4B-00C04F79EFBC}") = "Kozardinho", "Kozardinho.csproj", "{E12809C2-629A-433E-9E5B-AB9C654A5836}"
EndProject
Global
	GlobalSection(SolutionConfigurationPlatforms) = preSolution
		Debug|Any CPU = Debug|Any CPU
		Release|Any CPU = Release|Any CPU
	EndGlobalSection
	GlobalSection(ProjectConfigurationPlatforms) = postSolution
		{E12809C2-629A-433E-9E5B-AB9C654A5836}.Debug|Any CPU.ActiveCfg = Debug|Any CPU
		{E12809C2-629A-433E-9E5B-AB9C654A5836}.Debug|Any CPU.Build.0 = Debug|Any CPU
		{E12809C2-629A-433E-9E5B-AB9C654A5836}.Release|Any CPU.ActiveCfg = Release|Any CPU
		{E12809C2-629A-433E-9E5B-AB9C654A5836}.Release|Any CPU.Build.0 = Release|Any CPU
	EndGlobalSection
	GlobalSection(SolutionProperties) = preSolution
		HideSolutionNode = FALSE
	EndGlobalSection
	GlobalSection(ExtensibilityGlobals) = postSolution
		SolutionGuid = {6398B54F-0AF6-4A8B-B008-45C6E01488C1}
	EndGlobalSection
EndGlobal
